
Microsoft Visual Studio Solution File, Format Version 12.00
# Visual Studio Version 17
VisualStudioVersion = 17.7.34009.444
MinimumVisualStudioVersion = 10.0.40219.1
Project("{FAE04EC0-301F-11D3-BF4B-00C04F79EFBC}") = "RestoranYonetim.UI", "RestoranYonetim.UI\RestoranYonetim.UI.csproj", "{BD60E095-9BC9-49C4-930B-F236D4D6EF4C}"
	ProjectSection(ProjectDependencies) = postProject
		{04657821-0C86-4268-96ED-EB344A39D137} = {04657821-0C86-4268-96ED-EB344A39D137}
		{EB081A1D-E74A-46EC-A76D-52E175B9B6A4} = {EB081A1D-E74A-46EC-A76D-52E175B9B6A4}
	EndProjectSection
EndProject
Project("{FAE04EC0-301F-11D3-BF4B-00C04F79EFBC}") = "RestoranYonetim.DLL", "RestoranYonetim.DLL\RestoranYonetim.DLL.csproj", "{EB081A1D-E74A-46EC-A76D-52E175B9B6A4}"
EndProject
Project("{FAE04EC0-301F-11D3-BF4B-00C04F79EFBC}") = "RestoranYonetim.BLL", "RestoranYonetim.BLL\RestoranYonetim.BLL.csproj", "{04657821-0C86-4268-96ED-EB344A39D137}"
	ProjectSection(ProjectDependencies) = postProject
		{EB081A1D-E74A-46EC-A76D-52E175B9B6A4} = {EB081A1D-E74A-46EC-A76D-52E175B9B6A4}
	EndProjectSection
EndProject
Global
	GlobalSection(SolutionConfigurationPlatforms) = preSolution
		Debug|Any CPU = Debug|Any CPU
		Release|Any CPU = Release|Any CPU
	EndGlobalSection
	GlobalSection(ProjectConfigurationPlatforms) = postSolution
		{BD60E095-9BC9-49C4-930B-F236D4D6EF4C}.Debug|Any CPU.ActiveCfg = Debug|Any CPU
		{BD60E095-9BC9-49C4-930B-F236D4D6EF4C}.Debug|Any CPU.Build.0 = Debug|Any CPU
		{BD60E095-9BC9-49C4-930B-F236D4D6EF4C}.Release|Any CPU.ActiveCfg = Release|Any CPU
		{BD60E095-9BC9-49C4-930B-F236D4D6EF4C}.Release|Any CPU.Build.0 = Release|Any CPU
		{EB081A1D-E74A-46EC-A76D-52E175B9B6A4}.Debug|Any CPU.ActiveCfg = Debug|Any CPU
		{EB081A1D-E74A-46EC-A76D-52E175B9B6A4}.Debug|Any CPU.Build.0 = Debug|Any CPU
		{EB081A1D-E74A-46EC-A76D-52E175B9B6A4}.Release|Any CPU.ActiveCfg = Release|Any CPU
		{EB081A1D-E74A-46EC-A76D-52E175B9B6A4}.Release|Any CPU.Build.0 = Release|Any CPU
		{04657821-0C86-4268-96ED-EB344A39D137}.Debug|Any CPU.ActiveCfg = Debug|Any CPU
		{04657821-0C86-4268-96ED-EB344A39D137}.Debug|Any CPU.Build.0 = Debug|Any CPU
		{04657821-0C86-4268-96ED-EB344A39D137}.Release|Any CPU.ActiveCfg = Release|Any CPU
		{04657821-0C86-4268-96ED-EB344A39D137}.Release|Any CPU.Build.0 = Release|Any CPU
	EndGlobalSection
	GlobalSection(SolutionProperties) = preSolution
		HideSolutionNode = FALSE
	EndGlobalSection
	GlobalSection(ExtensibilityGlobals) = postSolution
		SolutionGuid = {E159281B-F0BE-4B81-91F3-BB7B82740EB8}
	EndGlobalSection
EndGlobal
